// !$*UTF8*$!
{
	archiveVersion = 1;
	classes = {
	};
	objectVersion = 46;
	objects = {

/* Begin PBXBuildFile section */
		520080E51865E43D0093474C /* Task.m in Sources */ = {isa = PBXBuildFile; fileRef = 520080E41865E43D0093474C /* Task.m */; };
		520080E81865E9590093474C /* TaskSpec.m in Sources */ = {isa = PBXBuildFile; fileRef = 520080E71865E9590093474C /* TaskSpec.m */; };
		5249E80C1865B61D00BD166A /* SampleSpec.m in Sources */ = {isa = PBXBuildFile; fileRef = 5249E80B1865B61D00BD166A /* SampleSpec.m */; };
		5252EB761866FF3700FEA426 /* TaskProvider.m in Sources */ = {isa = PBXBuildFile; fileRef = 5252EB751866FF3700FEA426 /* TaskProvider.m */; };
		5252EB7A1866FF4D00FEA426 /* TaskGateway.m in Sources */ = {isa = PBXBuildFile; fileRef = 5252EB771866FF4D00FEA426 /* TaskGateway.m */; };
		5252EB8118673E1300FEA426 /* TaskProviderSpec.m in Sources */ = {isa = PBXBuildFile; fileRef = 5252EB8018673E1300FEA426 /* TaskProviderSpec.m */; };
		52662E04186C92C300D208BC /* TasksViewControllerSpec.m in Sources */ = {isa = PBXBuildFile; fileRef = 52662E03186C92C300D208BC /* TasksViewControllerSpec.m */; };
		52662E09186C92D000D208BC /* TasksViewController.m in Sources */ = {isa = PBXBuildFile; fileRef = 52662E06186C92D000D208BC /* TasksViewController.m */; };
		52662E0A186C92D000D208BC /* TaskDetailViewController.m in Sources */ = {isa = PBXBuildFile; fileRef = 52662E07186C92D000D208BC /* TaskDetailViewController.m */; };
		52662E0C186C994000D208BC /* TaskDetailViewControllerSpec.m in Sources */ = {isa = PBXBuildFile; fileRef = 52662E0B186C994000D208BC /* TaskDetailViewControllerSpec.m */; };
		52662E12186C99B600D208BC /* HelperMethods.m in Sources */ = {isa = PBXBuildFile; fileRef = 52662E11186C99B600D208BC /* HelperMethods.m */; };
		52B40D8F1864D490004E7A20 /* Foundation.framework in Frameworks */ = {isa = PBXBuildFile; fileRef = 52B40D8E1864D490004E7A20 /* Foundation.framework */; };
		52B40D911864D490004E7A20 /* CoreGraphics.framework in Frameworks */ = {isa = PBXBuildFile; fileRef = 52B40D901864D490004E7A20 /* CoreGraphics.framework */; };
		52B40D931864D490004E7A20 /* UIKit.framework in Frameworks */ = {isa = PBXBuildFile; fileRef = 52B40D921864D490004E7A20 /* UIKit.framework */; };
		52B40D991864D490004E7A20 /* InfoPlist.strings in Resources */ = {isa = PBXBuildFile; fileRef = 52B40D971864D490004E7A20 /* InfoPlist.strings */; };
		52B40D9B1864D490004E7A20 /* main.m in Sources */ = {isa = PBXBuildFile; fileRef = 52B40D9A1864D490004E7A20 /* main.m */; };
		52B40D9F1864D491004E7A20 /* AppDelegate.m in Sources */ = {isa = PBXBuildFile; fileRef = 52B40D9E1864D491004E7A20 /* AppDelegate.m */; };
		52B40DA21864D491004E7A20 /* Main_iPhone.storyboard in Resources */ = {isa = PBXBuildFile; fileRef = 52B40DA01864D491004E7A20 /* Main_iPhone.storyboard */; };
		52B40DAD1864D491004E7A20 /* Images.xcassets in Resources */ = {isa = PBXBuildFile; fileRef = 52B40DAC1864D491004E7A20 /* Images.xcassets */; };
		52B40DB41864D491004E7A20 /* XCTest.framework in Frameworks */ = {isa = PBXBuildFile; fileRef = 52B40DB31864D491004E7A20 /* XCTest.framework */; };
		52B40DB51864D491004E7A20 /* Foundation.framework in Frameworks */ = {isa = PBXBuildFile; fileRef = 52B40D8E1864D490004E7A20 /* Foundation.framework */; };
		52B40DB61864D491004E7A20 /* UIKit.framework in Frameworks */ = {isa = PBXBuildFile; fileRef = 52B40D921864D490004E7A20 /* UIKit.framework */; };
		52B40DBE1864D491004E7A20 /* InfoPlist.strings in Resources */ = {isa = PBXBuildFile; fileRef = 52B40DBC1864D491004E7A20 /* InfoPlist.strings */; };
		52B40DC01864D491004E7A20 /* iosdemoTests.m in Sources */ = {isa = PBXBuildFile; fileRef = 52B40DBF1864D491004E7A20 /* iosdemoTests.m */; };
		52B40DCC1864E3E5004E7A20 /* TimeHelper.m in Sources */ = {isa = PBXBuildFile; fileRef = 52B40DCB1864E3E5004E7A20 /* TimeHelper.m */; };
		52B40DCF1864E64D004E7A20 /* TimeHelperSpec.m in Sources */ = {isa = PBXBuildFile; fileRef = 52B40DCE1864E64D004E7A20 /* TimeHelperSpec.m */; };
		52E171CA186B56D6003007F5 /* DataSource.m in Sources */ = {isa = PBXBuildFile; fileRef = 52E171C9186B56D6003007F5 /* DataSource.m */; };
		52E171CC186B6864003007F5 /* DataSourceSpec.m in Sources */ = {isa = PBXBuildFile; fileRef = 52E171CB186B6864003007F5 /* DataSourceSpec.m */; };
		52E39A8118676A46005CD8FE /* TaskGatewaySpec.m in Sources */ = {isa = PBXBuildFile; fileRef = 52E39A8018676A46005CD8FE /* TaskGatewaySpec.m */; };
		C58EADFFBFAD461EBF402B23 /* libPods-iosdemoTests.a in Frameworks */ = {isa = PBXBuildFile; fileRef = FE920E70AE8C4A5FB55B8E9D /* libPods-iosdemoTests.a */; };
		E6101F94A4974DE5BB6A3D96 /* libPods.a in Frameworks */ = {isa = PBXBuildFile; fileRef = 463D8829E4AD4E2BB76527B8 /* libPods.a */; };
/* End PBXBuildFile section */

/* Begin PBXContainerItemProxy section */
		52B40DB71864D491004E7A20 /* PBXContainerItemProxy */ = {
			isa = PBXContainerItemProxy;
			containerPortal = 52B40D831864D490004E7A20 /* Project object */;
			proxyType = 1;
			remoteGlobalIDString = 52B40D8A1864D490004E7A20;
			remoteInfo = iosdemo;
		};
/* End PBXContainerItemProxy section */

/* Begin PBXFileReference section */
		463D8829E4AD4E2BB76527B8 /* libPods.a */ = {isa = PBXFileReference; explicitFileType = archive.ar; includeInIndex = 0; path = libPods.a; sourceTree = BUILT_PRODUCTS_DIR; };
		520080E31865E43D0093474C /* Task.h */ = {isa = PBXFileReference; fileEncoding = 4; lastKnownFileType = sourcecode.c.h; name = Task.h; path = models/Task.h; sourceTree = "<group>"; };
		520080E41865E43D0093474C /* Task.m */ = {isa = PBXFileReference; fileEncoding = 4; lastKnownFileType = sourcecode.c.objc; name = Task.m; path = models/Task.m; sourceTree = "<group>"; };
		520080E71865E9590093474C /* TaskSpec.m */ = {isa = PBXFileReference; fileEncoding = 4; lastKnownFileType = sourcecode.c.objc; name = TaskSpec.m; path = models/TaskSpec.m; sourceTree = "<group>"; };
		5249E80B1865B61D00BD166A /* SampleSpec.m */ = {isa = PBXFileReference; fileEncoding = 4; lastKnownFileType = sourcecode.c.objc; name = SampleSpec.m; path = ../SampleSpec.m; sourceTree = "<group>"; };
		5252EB741866FF3700FEA426 /* TaskProvider.h */ = {isa = PBXFileReference; fileEncoding = 4; lastKnownFileType = sourcecode.c.h; name = TaskProvider.h; path = api/providers/TaskProvider.h; sourceTree = "<group>"; };
		5252EB751866FF3700FEA426 /* TaskProvider.m */ = {isa = PBXFileReference; fileEncoding = 4; lastKnownFileType = sourcecode.c.objc; name = TaskProvider.m; path = api/providers/TaskProvider.m; sourceTree = "<group>"; };
		5252EB771866FF4D00FEA426 /* TaskGateway.m */ = {isa = PBXFileReference; fileEncoding = 4; lastKnownFileType = sourcecode.c.objc; name = TaskGateway.m; path = api/gateways/TaskGateway.m; sourceTree = "<group>"; };
		5252EB781866FF4D00FEA426 /* GatewayResponseDelegate.h */ = {isa = PBXFileReference; fileEncoding = 4; lastKnownFileType = sourcecode.c.h; name = GatewayResponseDelegate.h; path = api/gateways/GatewayResponseDelegate.h; sourceTree = "<group>"; };
		5252EB791866FF4D00FEA426 /* TaskGateway.h */ = {isa = PBXFileReference; fileEncoding = 4; lastKnownFileType = sourcecode.c.h; name = TaskGateway.h; path = api/gateways/TaskGateway.h; sourceTree = "<group>"; };
		5252EB8018673E1300FEA426 /* TaskProviderSpec.m */ = {isa = PBXFileReference; fileEncoding = 4; lastKnownFileType = sourcecode.c.objc; name = TaskProviderSpec.m; path = api/providers/TaskProviderSpec.m; sourceTree = "<group>"; };
		52662E03186C92C300D208BC /* TasksViewControllerSpec.m */ = {isa = PBXFileReference; fileEncoding = 4; lastKnownFileType = sourcecode.c.objc; name = TasksViewControllerSpec.m; path = controllers/TasksViewControllerSpec.m; sourceTree = "<group>"; };
		52662E05186C92D000D208BC /* TasksViewController.h */ = {isa = PBXFileReference; fileEncoding = 4; lastKnownFileType = sourcecode.c.h; name = TasksViewController.h; path = controllers/TasksViewController.h; sourceTree = "<group>"; };
		52662E06186C92D000D208BC /* TasksViewController.m */ = {isa = PBXFileReference; fileEncoding = 4; lastKnownFileType = sourcecode.c.objc; name = TasksViewController.m; path = controllers/TasksViewController.m; sourceTree = "<group>"; };
		52662E07186C92D000D208BC /* TaskDetailViewController.m */ = {isa = PBXFileReference; fileEncoding = 4; lastKnownFileType = sourcecode.c.objc; name = TaskDetailViewController.m; path = controllers/TaskDetailViewController.m; sourceTree = "<group>"; };
		52662E08186C92D000D208BC /* TaskDetailViewController.h */ = {isa = PBXFileReference; fileEncoding = 4; lastKnownFileType = sourcecode.c.h; name = TaskDetailViewController.h; path = controllers/TaskDetailViewController.h; sourceTree = "<group>"; };
		52662E0B186C994000D208BC /* TaskDetailViewControllerSpec.m */ = {isa = PBXFileReference; fileEncoding = 4; lastKnownFileType = sourcecode.c.objc; name = TaskDetailViewControllerSpec.m; path = controllers/TaskDetailViewControllerSpec.m; sourceTree = "<group>"; };
		52662E10186C99B600D208BC /* HelperMethods.h */ = {isa = PBXFileReference; fileEncoding = 4; lastKnownFileType = sourcecode.c.h; path = HelperMethods.h; sourceTree = "<group>"; };
		52662E11186C99B600D208BC /* HelperMethods.m */ = {isa = PBXFileReference; fileEncoding = 4; lastKnownFileType = sourcecode.c.objc; path = HelperMethods.m; sourceTree = "<group>"; };
		52B40D8B1864D490004E7A20 /* iosdemo.app */ = {isa = PBXFileReference; explicitFileType = wrapper.application; includeInIndex = 0; path = iosdemo.app; sourceTree = BUILT_PRODUCTS_DIR; };
		52B40D8E1864D490004E7A20 /* Foundation.framework */ = {isa = PBXFileReference; lastKnownFileType = wrapper.framework; name = Foundation.framework; path = System/Library/Frameworks/Foundation.framework; sourceTree = SDKROOT; };
		52B40D901864D490004E7A20 /* CoreGraphics.framework */ = {isa = PBXFileReference; lastKnownFileType = wrapper.framework; name = CoreGraphics.framework; path = System/Library/Frameworks/CoreGraphics.framework; sourceTree = SDKROOT; };
		52B40D921864D490004E7A20 /* UIKit.framework */ = {isa = PBXFileReference; lastKnownFileType = wrapper.framework; name = UIKit.framework; path = System/Library/Frameworks/UIKit.framework; sourceTree = SDKROOT; };
		52B40D961864D490004E7A20 /* iosdemo-Info.plist */ = {isa = PBXFileReference; lastKnownFileType = text.plist.xml; path = "iosdemo-Info.plist"; sourceTree = "<group>"; };
		52B40D981864D490004E7A20 /* en */ = {isa = PBXFileReference; lastKnownFileType = text.plist.strings; name = en; path = en.lproj/InfoPlist.strings; sourceTree = "<group>"; };
		52B40D9A1864D490004E7A20 /* main.m */ = {isa = PBXFileReference; lastKnownFileType = sourcecode.c.objc; path = main.m; sourceTree = "<group>"; };
		52B40D9C1864D490004E7A20 /* iosdemo-Prefix.pch */ = {isa = PBXFileReference; lastKnownFileType = sourcecode.c.h; path = "iosdemo-Prefix.pch"; sourceTree = "<group>"; };
		52B40D9D1864D490004E7A20 /* AppDelegate.h */ = {isa = PBXFileReference; lastKnownFileType = sourcecode.c.h; path = AppDelegate.h; sourceTree = "<group>"; };
		52B40D9E1864D491004E7A20 /* AppDelegate.m */ = {isa = PBXFileReference; lastKnownFileType = sourcecode.c.objc; path = AppDelegate.m; sourceTree = "<group>"; };
		52B40DA11864D491004E7A20 /* Base */ = {isa = PBXFileReference; lastKnownFileType = file.storyboard; name = Base; path = Base.lproj/Main_iPhone.storyboard; sourceTree = "<group>"; };
		52B40DAC1864D491004E7A20 /* Images.xcassets */ = {isa = PBXFileReference; lastKnownFileType = folder.assetcatalog; path = Images.xcassets; sourceTree = "<group>"; };
		52B40DB21864D491004E7A20 /* iosdemoTests.xctest */ = {isa = PBXFileReference; explicitFileType = wrapper.cfbundle; includeInIndex = 0; path = iosdemoTests.xctest; sourceTree = BUILT_PRODUCTS_DIR; };
		52B40DB31864D491004E7A20 /* XCTest.framework */ = {isa = PBXFileReference; lastKnownFileType = wrapper.framework; name = XCTest.framework; path = Library/Frameworks/XCTest.framework; sourceTree = DEVELOPER_DIR; };
		52B40DBB1864D491004E7A20 /* iosdemoTests-Info.plist */ = {isa = PBXFileReference; lastKnownFileType = text.plist.xml; path = "iosdemoTests-Info.plist"; sourceTree = "<group>"; };
		52B40DBD1864D491004E7A20 /* en */ = {isa = PBXFileReference; lastKnownFileType = text.plist.strings; name = en; path = en.lproj/InfoPlist.strings; sourceTree = "<group>"; };
		52B40DBF1864D491004E7A20 /* iosdemoTests.m */ = {isa = PBXFileReference; lastKnownFileType = sourcecode.c.objc; path = iosdemoTests.m; sourceTree = "<group>"; };
		52B40DCA1864E3E5004E7A20 /* TimeHelper.h */ = {isa = PBXFileReference; fileEncoding = 4; lastKnownFileType = sourcecode.c.h; name = TimeHelper.h; path = common/TimeHelper.h; sourceTree = "<group>"; };
		52B40DCB1864E3E5004E7A20 /* TimeHelper.m */ = {isa = PBXFileReference; fileEncoding = 4; lastKnownFileType = sourcecode.c.objc; name = TimeHelper.m; path = common/TimeHelper.m; sourceTree = "<group>"; };
		52B40DCE1864E64D004E7A20 /* TimeHelperSpec.m */ = {isa = PBXFileReference; fileEncoding = 4; lastKnownFileType = sourcecode.c.objc; name = TimeHelperSpec.m; path = common/TimeHelperSpec.m; sourceTree = "<group>"; };
		52E171C8186B56D6003007F5 /* DataSource.h */ = {isa = PBXFileReference; fileEncoding = 4; lastKnownFileType = sourcecode.c.h; name = DataSource.h; path = common/DataSource.h; sourceTree = "<group>"; };
		52E171C9186B56D6003007F5 /* DataSource.m */ = {isa = PBXFileReference; fileEncoding = 4; lastKnownFileType = sourcecode.c.objc; name = DataSource.m; path = common/DataSource.m; sourceTree = "<group>"; };
		52E171CB186B6864003007F5 /* DataSourceSpec.m */ = {isa = PBXFileReference; fileEncoding = 4; lastKnownFileType = sourcecode.c.objc; name = DataSourceSpec.m; path = common/DataSourceSpec.m; sourceTree = "<group>"; };
		52E39A8018676A46005CD8FE /* TaskGatewaySpec.m */ = {isa = PBXFileReference; fileEncoding = 4; lastKnownFileType = sourcecode.c.objc; name = TaskGatewaySpec.m; path = api/gateways/TaskGatewaySpec.m; sourceTree = "<group>"; };
		9916563C71E24732B6CE0A7D /* Pods-iosdemoTests.xcconfig */ = {isa = PBXFileReference; includeInIndex = 1; lastKnownFileType = text.xcconfig; name = "Pods-iosdemoTests.xcconfig"; path = "Pods/Pods-iosdemoTests.xcconfig"; sourceTree = "<group>"; };
		DA0F06A5888045FF8DA9EF96 /* Pods.xcconfig */ = {isa = PBXFileReference; includeInIndex = 1; lastKnownFileType = text.xcconfig; name = Pods.xcconfig; path = Pods/Pods.xcconfig; sourceTree = "<group>"; };
		FE920E70AE8C4A5FB55B8E9D /* libPods-iosdemoTests.a */ = {isa = PBXFileReference; explicitFileType = archive.ar; includeInIndex = 0; path = "libPods-iosdemoTests.a"; sourceTree = BUILT_PRODUCTS_DIR; };
/* End PBXFileReference section */

/* Begin PBXFrameworksBuildPhase section */
		52B40D881864D490004E7A20 /* Frameworks */ = {
			isa = PBXFrameworksBuildPhase;
			buildActionMask = 2147483647;
			files = (
				52B40D911864D490004E7A20 /* CoreGraphics.framework in Frameworks */,
				52B40D931864D490004E7A20 /* UIKit.framework in Frameworks */,
				52B40D8F1864D490004E7A20 /* Foundation.framework in Frameworks */,
				E6101F94A4974DE5BB6A3D96 /* libPods.a in Frameworks */,
			);
			runOnlyForDeploymentPostprocessing = 0;
		};
		52B40DAF1864D491004E7A20 /* Frameworks */ = {
			isa = PBXFrameworksBuildPhase;
			buildActionMask = 2147483647;
			files = (
				52B40DB41864D491004E7A20 /* XCTest.framework in Frameworks */,
				52B40DB61864D491004E7A20 /* UIKit.framework in Frameworks */,
				52B40DB51864D491004E7A20 /* Foundation.framework in Frameworks */,
				C58EADFFBFAD461EBF402B23 /* libPods-iosdemoTests.a in Frameworks */,
			);
			runOnlyForDeploymentPostprocessing = 0;
		};
/* End PBXFrameworksBuildPhase section */

/* Begin PBXGroup section */
		520080E21865E3E00093474C /* models */ = {
			isa = PBXGroup;
			children = (
				520080E31865E43D0093474C /* Task.h */,
				520080E41865E43D0093474C /* Task.m */,
			);
			name = models;
			sourceTree = "<group>";
		};
		520080E61865E85C0093474C /* models */ = {
			isa = PBXGroup;
			children = (
				520080E71865E9590093474C /* TaskSpec.m */,
			);
			name = models;
			sourceTree = "<group>";
		};
		520080E91865F0010093474C /* providers */ = {
			isa = PBXGroup;
			children = (
				5252EB741866FF3700FEA426 /* TaskProvider.h */,
				5252EB751866FF3700FEA426 /* TaskProvider.m */,
			);
			name = providers;
			sourceTree = "<group>";
		};
		520080ED1865F81C0093474C /* providers */ = {
			isa = PBXGroup;
			children = (
				5252EB8018673E1300FEA426 /* TaskProviderSpec.m */,
			);
			name = providers;
			sourceTree = "<group>";
		};
		520080F018663E890093474C /* gateways */ = {
			isa = PBXGroup;
			children = (
				5252EB781866FF4D00FEA426 /* GatewayResponseDelegate.h */,
				5252EB771866FF4D00FEA426 /* TaskGateway.m */,
				5252EB791866FF4D00FEA426 /* TaskGateway.h */,
			);
			name = gateways;
			sourceTree = "<group>";
		};
		5252EB731866FEC200FEA426 /* api */ = {
			isa = PBXGroup;
			children = (
				520080E91865F0010093474C /* providers */,
				520080F018663E890093474C /* gateways */,
			);
			name = api;
			sourceTree = "<group>";
		};
		5252EB7F18673DD900FEA426 /* api */ = {
			isa = PBXGroup;
			children = (
				52E39A7F18676A2C005CD8FE /* gateways */,
				520080ED1865F81C0093474C /* providers */,
			);
			name = api;
			sourceTree = "<group>";
		};
		52662E02186C926A00D208BC /* controllers */ = {
			isa = PBXGroup;
			children = (
				52662E03186C92C300D208BC /* TasksViewControllerSpec.m */,
				52662E0B186C994000D208BC /* TaskDetailViewControllerSpec.m */,
			);
			name = controllers;
			sourceTree = "<group>";
		};
		52B40D821864D490004E7A20 = {
			isa = PBXGroup;
			children = (
				52B40D941864D490004E7A20 /* iosdemo */,
				52B40DB91864D491004E7A20 /* iosdemoTests */,
				52B40D8D1864D490004E7A20 /* Frameworks */,
				52B40D8C1864D490004E7A20 /* Products */,
				9916563C71E24732B6CE0A7D /* Pods-iosdemoTests.xcconfig */,
				DA0F06A5888045FF8DA9EF96 /* Pods.xcconfig */,
			);
			sourceTree = "<group>";
		};
		52B40D8C1864D490004E7A20 /* Products */ = {
			isa = PBXGroup;
			children = (
				52B40D8B1864D490004E7A20 /* iosdemo.app */,
				52B40DB21864D491004E7A20 /* iosdemoTests.xctest */,
			);
			name = Products;
			sourceTree = "<group>";
		};
		52B40D8D1864D490004E7A20 /* Frameworks */ = {
			isa = PBXGroup;
			children = (
				52B40D8E1864D490004E7A20 /* Foundation.framework */,
				52B40D901864D490004E7A20 /* CoreGraphics.framework */,
				52B40D921864D490004E7A20 /* UIKit.framework */,
				52B40DB31864D491004E7A20 /* XCTest.framework */,
				FE920E70AE8C4A5FB55B8E9D /* libPods-iosdemoTests.a */,
				463D8829E4AD4E2BB76527B8 /* libPods.a */,
			);
			name = Frameworks;
			sourceTree = "<group>";
		};
		52B40D941864D490004E7A20 /* iosdemo */ = {
			isa = PBXGroup;
			children = (
				52E171C7186B481B003007F5 /* controllers */,
				5252EB731866FEC200FEA426 /* api */,
				520080E21865E3E00093474C /* models */,
				52B40DC91864E37F004E7A20 /* common */,
				52B40D9D1864D490004E7A20 /* AppDelegate.h */,
				52B40D9E1864D491004E7A20 /* AppDelegate.m */,
				52B40DA01864D491004E7A20 /* Main_iPhone.storyboard */,
				52B40DAC1864D491004E7A20 /* Images.xcassets */,
				52B40D951864D490004E7A20 /* Supporting Files */,
			);
			path = iosdemo;
			sourceTree = "<group>";
		};
		52B40D951864D490004E7A20 /* Supporting Files */ = {
			isa = PBXGroup;
			children = (
				52B40D961864D490004E7A20 /* iosdemo-Info.plist */,
				52B40D971864D490004E7A20 /* InfoPlist.strings */,
				52B40D9A1864D490004E7A20 /* main.m */,
				52B40D9C1864D490004E7A20 /* iosdemo-Prefix.pch */,
			);
			name = "Supporting Files";
			sourceTree = "<group>";
		};
		52B40DB91864D491004E7A20 /* iosdemoTests */ = {
			isa = PBXGroup;
			children = (
				52662E02186C926A00D208BC /* controllers */,
				5252EB7F18673DD900FEA426 /* api */,
				520080E61865E85C0093474C /* models */,
				5249E80B1865B61D00BD166A /* SampleSpec.m */,
				52B40DCD1864E624004E7A20 /* common */,
				52B40DBF1864D491004E7A20 /* iosdemoTests.m */,
				52B40DBA1864D491004E7A20 /* Supporting Files */,
				52662E10186C99B600D208BC /* HelperMethods.h */,
				52662E11186C99B600D208BC /* HelperMethods.m */,
			);
			path = iosdemoTests;
			sourceTree = "<group>";
		};
		52B40DBA1864D491004E7A20 /* Supporting Files */ = {
			isa = PBXGroup;
			children = (
				52B40DBB1864D491004E7A20 /* iosdemoTests-Info.plist */,
				52B40DBC1864D491004E7A20 /* InfoPlist.strings */,
			);
			name = "Supporting Files";
			sourceTree = "<group>";
		};
		52B40DC91864E37F004E7A20 /* common */ = {
			isa = PBXGroup;
			children = (
				52B40DCA1864E3E5004E7A20 /* TimeHelper.h */,
				52B40DCB1864E3E5004E7A20 /* TimeHelper.m */,
				52E171C8186B56D6003007F5 /* DataSource.h */,
				52E171C9186B56D6003007F5 /* DataSource.m */,
			);
			name = common;
			sourceTree = "<group>";
		};
		52B40DCD1864E624004E7A20 /* common */ = {
			isa = PBXGroup;
			children = (
				52B40DCE1864E64D004E7A20 /* TimeHelperSpec.m */,
				52E171CB186B6864003007F5 /* DataSourceSpec.m */,
			);
			name = common;
			sourceTree = "<group>";
		};
		52E171C7186B481B003007F5 /* controllers */ = {
			isa = PBXGroup;
			children = (
				52662E05186C92D000D208BC /* TasksViewController.h */,
				52662E06186C92D000D208BC /* TasksViewController.m */,
				52662E07186C92D000D208BC /* TaskDetailViewController.m */,
				52662E08186C92D000D208BC /* TaskDetailViewController.h */,
			);
			name = controllers;
			sourceTree = "<group>";
		};
		52E39A7F18676A2C005CD8FE /* gateways */ = {
			isa = PBXGroup;
			children = (
				52E39A8018676A46005CD8FE /* TaskGatewaySpec.m */,
			);
			name = gateways;
			sourceTree = "<group>";
		};
/* End PBXGroup section */

/* Begin PBXNativeTarget section */
		52B40D8A1864D490004E7A20 /* iosdemo */ = {
			isa = PBXNativeTarget;
			buildConfigurationList = 52B40DC31864D491004E7A20 /* Build configuration list for PBXNativeTarget "iosdemo" */;
			buildPhases = (
				5FB784966D87462AAAB3FFE0 /* Check Pods Manifest.lock */,
				52B40D871864D490004E7A20 /* Sources */,
				52B40D881864D490004E7A20 /* Frameworks */,
				52B40D891864D490004E7A20 /* Resources */,
				1419BA413D5D4B8FB55ECB0A /* Copy Pods Resources */,
			);
			buildRules = (
			);
			dependencies = (
			);
			name = iosdemo;
			productName = iosdemo;
			productReference = 52B40D8B1864D490004E7A20 /* iosdemo.app */;
			productType = "com.apple.product-type.application";
		};
		52B40DB11864D491004E7A20 /* iosdemoTests */ = {
			isa = PBXNativeTarget;
			buildConfigurationList = 52B40DC61864D491004E7A20 /* Build configuration list for PBXNativeTarget "iosdemoTests" */;
			buildPhases = (
				0040CD619E964F8DA517C0A3 /* Check Pods Manifest.lock */,
				52B40DAE1864D491004E7A20 /* Sources */,
				52B40DAF1864D491004E7A20 /* Frameworks */,
				52B40DB01864D491004E7A20 /* Resources */,
				5A18274128B24CED9995637C /* Copy Pods Resources */,
			);
			buildRules = (
			);
			dependencies = (
				52B40DB81864D491004E7A20 /* PBXTargetDependency */,
			);
			name = iosdemoTests;
			productName = iosdemoTests;
			productReference = 52B40DB21864D491004E7A20 /* iosdemoTests.xctest */;
			productType = "com.apple.product-type.bundle.unit-test";
		};
/* End PBXNativeTarget section */

/* Begin PBXProject section */
		52B40D831864D490004E7A20 /* Project object */ = {
			isa = PBXProject;
			attributes = {
				LastUpgradeCheck = 0500;
				ORGANIZATIONNAME = "John Brunton";
				TargetAttributes = {
					52B40DB11864D491004E7A20 = {
						TestTargetID = 52B40D8A1864D490004E7A20;
					};
				};
			};
			buildConfigurationList = 52B40D861864D490004E7A20 /* Build configuration list for PBXProject "iosdemo" */;
			compatibilityVersion = "Xcode 3.2";
			developmentRegion = English;
			hasScannedForEncodings = 0;
			knownRegions = (
				en,
				Base,
			);
			mainGroup = 52B40D821864D490004E7A20;
			productRefGroup = 52B40D8C1864D490004E7A20 /* Products */;
			projectDirPath = "";
			projectRoot = "";
			targets = (
				52B40D8A1864D490004E7A20 /* iosdemo */,
				52B40DB11864D491004E7A20 /* iosdemoTests */,
			);
		};
/* End PBXProject section */

/* Begin PBXResourcesBuildPhase section */
		52B40D891864D490004E7A20 /* Resources */ = {
			isa = PBXResourcesBuildPhase;
			buildActionMask = 2147483647;
			files = (
				52B40DAD1864D491004E7A20 /* Images.xcassets in Resources */,
				52B40DA21864D491004E7A20 /* Main_iPhone.storyboard in Resources */,
				52B40D991864D490004E7A20 /* InfoPlist.strings in Resources */,
			);
			runOnlyForDeploymentPostprocessing = 0;
		};
		52B40DB01864D491004E7A20 /* Resources */ = {
			isa = PBXResourcesBuildPhase;
			buildActionMask = 2147483647;
			files = (
				52B40DBE1864D491004E7A20 /* InfoPlist.strings in Resources */,
			);
			runOnlyForDeploymentPostprocessing = 0;
		};
/* End PBXResourcesBuildPhase section */

/* Begin PBXShellScriptBuildPhase section */
		0040CD619E964F8DA517C0A3 /* Check Pods Manifest.lock */ = {
			isa = PBXShellScriptBuildPhase;
			buildActionMask = 2147483647;
			files = (
			);
			inputPaths = (
			);
			name = "Check Pods Manifest.lock";
			outputPaths = (
			);
			runOnlyForDeploymentPostprocessing = 0;
			shellPath = /bin/sh;
			shellScript = "diff \"${PODS_ROOT}/../Podfile.lock\" \"${PODS_ROOT}/Manifest.lock\" > /dev/null\nif [[ $? != 0 ]] ; then\n    cat << EOM\nerror: The sandbox is not in sync with the Podfile.lock. Run 'pod install' or update your CocoaPods installation.\nEOM\n    exit 1\nfi\n";
			showEnvVarsInLog = 0;
		};
		1419BA413D5D4B8FB55ECB0A /* Copy Pods Resources */ = {
			isa = PBXShellScriptBuildPhase;
			buildActionMask = 2147483647;
			files = (
			);
			inputPaths = (
			);
			name = "Copy Pods Resources";
			outputPaths = (
			);
			runOnlyForDeploymentPostprocessing = 0;
			shellPath = /bin/sh;
			shellScript = "\"${SRCROOT}/Pods/Pods-resources.sh\"\n";
			showEnvVarsInLog = 0;
		};
		5A18274128B24CED9995637C /* Copy Pods Resources */ = {
			isa = PBXShellScriptBuildPhase;
			buildActionMask = 2147483647;
			files = (
			);
			inputPaths = (
			);
			name = "Copy Pods Resources";
			outputPaths = (
			);
			runOnlyForDeploymentPostprocessing = 0;
			shellPath = /bin/sh;
			shellScript = "\"${SRCROOT}/Pods/Pods-iosdemoTests-resources.sh\"\n";
			showEnvVarsInLog = 0;
		};
		5FB784966D87462AAAB3FFE0 /* Check Pods Manifest.lock */ = {
			isa = PBXShellScriptBuildPhase;
			buildActionMask = 2147483647;
			files = (
			);
			inputPaths = (
			);
			name = "Check Pods Manifest.lock";
			outputPaths = (
			);
			runOnlyForDeploymentPostprocessing = 0;
			shellPath = /bin/sh;
			shellScript = "diff \"${PODS_ROOT}/../Podfile.lock\" \"${PODS_ROOT}/Manifest.lock\" > /dev/null\nif [[ $? != 0 ]] ; then\n    cat << EOM\nerror: The sandbox is not in sync with the Podfile.lock. Run 'pod install' or update your CocoaPods installation.\nEOM\n    exit 1\nfi\n";
			showEnvVarsInLog = 0;
		};
/* End PBXShellScriptBuildPhase section */

/* Begin PBXSourcesBuildPhase section */
		52B40D871864D490004E7A20 /* Sources */ = {
			isa = PBXSourcesBuildPhase;
			buildActionMask = 2147483647;
			files = (
				52B40D9F1864D491004E7A20 /* AppDelegate.m in Sources */,
				52B40DCC1864E3E5004E7A20 /* TimeHelper.m in Sources */,
				52662E0A186C92D000D208BC /* TaskDetailViewController.m in Sources */,
				52B40D9B1864D490004E7A20 /* main.m in Sources */,
				520080E51865E43D0093474C /* Task.m in Sources */,
				5252EB7A1866FF4D00FEA426 /* TaskGateway.m in Sources */,
				52662E09186C92D000D208BC /* TasksViewController.m in Sources */,
				5252EB761866FF3700FEA426 /* TaskProvider.m in Sources */,
				52E171CA186B56D6003007F5 /* DataSource.m in Sources */,
			);
			runOnlyForDeploymentPostprocessing = 0;
		};
		52B40DAE1864D491004E7A20 /* Sources */ = {
			isa = PBXSourcesBuildPhase;
			buildActionMask = 2147483647;
			files = (
				5252EB8118673E1300FEA426 /* TaskProviderSpec.m in Sources */,
				52662E12186C99B600D208BC /* HelperMethods.m in Sources */,
				5249E80C1865B61D00BD166A /* SampleSpec.m in Sources */,
				52E39A8118676A46005CD8FE /* TaskGatewaySpec.m in Sources */,
				52E171CC186B6864003007F5 /* DataSourceSpec.m in Sources */,
				52662E04186C92C300D208BC /* TasksViewControllerSpec.m in Sources */,
				520080E81865E9590093474C /* TaskSpec.m in Sources */,
				52B40DCF1864E64D004E7A20 /* TimeHelperSpec.m in Sources */,
				52B40DC01864D491004E7A20 /* iosdemoTests.m in Sources */,
				52662E0C186C994000D208BC /* TaskDetailViewControllerSpec.m in Sources */,
			);
			runOnlyForDeploymentPostprocessing = 0;
		};
/* End PBXSourcesBuildPhase section */

/* Begin PBXTargetDependency section */
		52B40DB81864D491004E7A20 /* PBXTargetDependency */ = {
			isa = PBXTargetDependency;
			target = 52B40D8A1864D490004E7A20 /* iosdemo */;
			targetProxy = 52B40DB71864D491004E7A20 /* PBXContainerItemProxy */;
		};
/* End PBXTargetDependency section */

/* Begin PBXVariantGroup section */
		52B40D971864D490004E7A20 /* InfoPlist.strings */ = {
			isa = PBXVariantGroup;
			children = (
				52B40D981864D490004E7A20 /* en */,
			);
			name = InfoPlist.strings;
			sourceTree = "<group>";
		};
		52B40DA01864D491004E7A20 /* Main_iPhone.storyboard */ = {
			isa = PBXVariantGroup;
			children = (
				52B40DA11864D491004E7A20 /* Base */,
			);
			name = Main_iPhone.storyboard;
			sourceTree = "<group>";
		};
		52B40DBC1864D491004E7A20 /* InfoPlist.strings */ = {
			isa = PBXVariantGroup;
			children = (
				52B40DBD1864D491004E7A20 /* en */,
			);
			name = InfoPlist.strings;
			sourceTree = "<group>";
		};
/* End PBXVariantGroup section */

/* Begin XCBuildConfiguration section */
		52B40DC11864D491004E7A20 /* Debug */ = {
			isa = XCBuildConfiguration;
			buildSettings = {
				ALWAYS_SEARCH_USER_PATHS = NO;
				ARCHS = "$(ARCHS_STANDARD_INCLUDING_64_BIT)";
				CLANG_CXX_LANGUAGE_STANDARD = "gnu++0x";
				CLANG_CXX_LIBRARY = "libc++";
				CLANG_ENABLE_MODULES = YES;
				CLANG_ENABLE_OBJC_ARC = YES;
				CLANG_WARN_BOOL_CONVERSION = YES;
				CLANG_WARN_CONSTANT_CONVERSION = YES;
				CLANG_WARN_DIRECT_OBJC_ISA_USAGE = YES_ERROR;
				CLANG_WARN_EMPTY_BODY = YES;
				CLANG_WARN_ENUM_CONVERSION = YES;
				CLANG_WARN_INT_CONVERSION = YES;
				CLANG_WARN_OBJC_ROOT_CLASS = YES_ERROR;
				CLANG_WARN__DUPLICATE_METHOD_MATCH = YES;
				"CODE_SIGN_IDENTITY[sdk=iphoneos*]" = "iPhone Developer";
				COPY_PHASE_STRIP = NO;
				GCC_C_LANGUAGE_STANDARD = gnu99;
				GCC_DYNAMIC_NO_PIC = NO;
				GCC_OPTIMIZATION_LEVEL = 0;
				GCC_PREPROCESSOR_DEFINITIONS = (
					"DEBUG=1",
					"$(inherited)",
				);
				GCC_SYMBOLS_PRIVATE_EXTERN = NO;
				GCC_WARN_64_TO_32_BIT_CONVERSION = YES;
				GCC_WARN_ABOUT_RETURN_TYPE = YES_ERROR;
				GCC_WARN_UNDECLARED_SELECTOR = YES;
				GCC_WARN_UNINITIALIZED_AUTOS = YES;
				GCC_WARN_UNUSED_FUNCTION = YES;
				GCC_WARN_UNUSED_VARIABLE = YES;
				IPHONEOS_DEPLOYMENT_TARGET = 7.0;
				ONLY_ACTIVE_ARCH = YES;
				SDKROOT = iphoneos;
				TARGETED_DEVICE_FAMILY = "1,2";
			};
			name = Debug;
		};
		52B40DC21864D491004E7A20 /* Release */ = {
			isa = XCBuildConfiguration;
			buildSettings = {
				ALWAYS_SEARCH_USER_PATHS = NO;
				ARCHS = "$(ARCHS_STANDARD_INCLUDING_64_BIT)";
				CLANG_CXX_LANGUAGE_STANDARD = "gnu++0x";
				CLANG_CXX_LIBRARY = "libc++";
				CLANG_ENABLE_MODULES = YES;
				CLANG_ENABLE_OBJC_ARC = YES;
				CLANG_WARN_BOOL_CONVERSION = YES;
				CLANG_WARN_CONSTANT_CONVERSION = YES;
				CLANG_WARN_DIRECT_OBJC_ISA_USAGE = YES_ERROR;
				CLANG_WARN_EMPTY_BODY = YES;
				CLANG_WARN_ENUM_CONVERSION = YES;
				CLANG_WARN_INT_CONVERSION = YES;
				CLANG_WARN_OBJC_ROOT_CLASS = YES_ERROR;
				CLANG_WARN__DUPLICATE_METHOD_MATCH = YES;
				"CODE_SIGN_IDENTITY[sdk=iphoneos*]" = "iPhone Developer";
				COPY_PHASE_STRIP = YES;
				ENABLE_NS_ASSERTIONS = NO;
				GCC_C_LANGUAGE_STANDARD = gnu99;
				GCC_WARN_64_TO_32_BIT_CONVERSION = YES;
				GCC_WARN_ABOUT_RETURN_TYPE = YES_ERROR;
				GCC_WARN_UNDECLARED_SELECTOR = YES;
				GCC_WARN_UNINITIALIZED_AUTOS = YES;
				GCC_WARN_UNUSED_FUNCTION = YES;
				GCC_WARN_UNUSED_VARIABLE = YES;
				IPHONEOS_DEPLOYMENT_TARGET = 7.0;
				SDKROOT = iphoneos;
				TARGETED_DEVICE_FAMILY = "1,2";
				VALIDATE_PRODUCT = YES;
			};
			name = Release;
		};
		52B40DC41864D491004E7A20 /* Debug */ = {
			isa = XCBuildConfiguration;
			baseConfigurationReference = DA0F06A5888045FF8DA9EF96 /* Pods.xcconfig */;
			buildSettings = {
				ASSETCATALOG_COMPILER_APPICON_NAME = AppIcon;
				ASSETCATALOG_COMPILER_LAUNCHIMAGE_NAME = LaunchImage;
				GCC_PRECOMPILE_PREFIX_HEADER = YES;
				GCC_PREFIX_HEADER = "iosdemo/iosdemo-Prefix.pch";
				INFOPLIST_FILE = "iosdemo/iosdemo-Info.plist";
				PRODUCT_NAME = "$(TARGET_NAME)";
				WRAPPER_EXTENSION = app;
			};
			name = Debug;
		};
		52B40DC51864D491004E7A20 /* Release */ = {
			isa = XCBuildConfiguration;
			baseConfigurationReference = DA0F06A5888045FF8DA9EF96 /* Pods.xcconfig */;
			buildSettings = {
				ASSETCATALOG_COMPILER_APPICON_NAME = AppIcon;
				ASSETCATALOG_COMPILER_LAUNCHIMAGE_NAME = LaunchImage;
				GCC_PRECOMPILE_PREFIX_HEADER = YES;
				GCC_PREFIX_HEADER = "iosdemo/iosdemo-Prefix.pch";
				INFOPLIST_FILE = "iosdemo/iosdemo-Info.plist";
				PRODUCT_NAME = "$(TARGET_NAME)";
				WRAPPER_EXTENSION = app;
			};
			name = Release;
		};
		52B40DC71864D491004E7A20 /* Debug */ = {
			isa = XCBuildConfiguration;
			baseConfigurationReference = 9916563C71E24732B6CE0A7D /* Pods-iosdemoTests.xcconfig */;
			buildSettings = {
				ARCHS = "$(ARCHS_STANDARD_INCLUDING_64_BIT)";
				BUNDLE_LOADER = "$(BUILT_PRODUCTS_DIR)/iosdemo.app/iosdemo";
				CLANG_ENABLE_MODULES = NO;
				FRAMEWORK_SEARCH_PATHS = (
					"$(SDKROOT)/Developer/Library/Frameworks",
					"$(inherited)",
					"$(DEVELOPER_FRAMEWORKS_DIR)",
				);
				GCC_PRECOMPILE_PREFIX_HEADER = YES;
				GCC_PREFIX_HEADER = "iosdemo/iosdemo-Prefix.pch";
				GCC_PREPROCESSOR_DEFINITIONS = (
					"DEBUG=1",
					"$(inherited)",
				);
				INFOPLIST_FILE = "iosdemoTests/iosdemoTests-Info.plist";
				PRODUCT_NAME = "$(TARGET_NAME)";
				TEST_HOST = "$(BUNDLE_LOADER)";
				WRAPPER_EXTENSION = xctest;
			};
			name = Debug;
		};
		52B40DC81864D491004E7A20 /* Release */ = {
			isa = XCBuildConfiguration;
			baseConfigurationReference = 9916563C71E24732B6CE0A7D /* Pods-iosdemoTests.xcconfig */;
			buildSettings = {
				ARCHS = "$(ARCHS_STANDARD_INCLUDING_64_BIT)";
				BUNDLE_LOADER = "$(BUILT_PRODUCTS_DIR)/iosdemo.app/iosdemo";
				CLANG_ENABLE_MODULES = NO;
				FRAMEWORK_SEARCH_PATHS = (
					"$(SDKROOT)/Developer/Library/Frameworks",
					"$(inherited)",
					"$(DEVELOPER_FRAMEWORKS_DIR)",
				);
				GCC_PRECOMPILE_PREFIX_HEADER = YES;
				GCC_PREFIX_HEADER = "iosdemo/iosdemo-Prefix.pch";
				INFOPLIST_FILE = "iosdemoTests/iosdemoTests-Info.plist";
				PRODUCT_NAME = "$(TARGET_NAME)";
				TEST_HOST = "$(BUNDLE_LOADER)";
				WRAPPER_EXTENSION = xctest;
			};
			name = Release;
		};
/* End XCBuildConfiguration section */

/* Begin XCConfigurationList section */
		52B40D861864D490004E7A20 /* Build configuration list for PBXProject "iosdemo" */ = {
			isa = XCConfigurationList;
			buildConfigurations = (
				52B40DC11864D491004E7A20 /* Debug */,
				52B40DC21864D491004E7A20 /* Release */,
			);
			defaultConfigurationIsVisible = 0;
			defaultConfigurationName = Release;
		};
		52B40DC31864D491004E7A20 /* Build configuration list for PBXNativeTarget "iosdemo" */ = {
			isa = XCConfigurationList;
			buildConfigurations = (
				52B40DC41864D491004E7A20 /* Debug */,
				52B40DC51864D491004E7A20 /* Release */,
			);
			defaultConfigurationIsVisible = 0;
			defaultConfigurationName = Release;
		};
		52B40DC61864D491004E7A20 /* Build configuration list for PBXNativeTarget "iosdemoTests" */ = {
			isa = XCConfigurationList;
			buildConfigurations = (
				52B40DC71864D491004E7A20 /* Debug */,
				52B40DC81864D491004E7A20 /* Release */,
			);
			defaultConfigurationIsVisible = 0;
			defaultConfigurationName = Release;
		};
/* End XCConfigurationList section */
	};
	rootObject = 52B40D831864D490004E7A20 /* Project object */;
}
